
Microsoft Visual Studio Solution File, Format Version 12.00
# Visual Studio Version 16
VisualStudioVersion = 16.0.29709.97
MinimumVisualStudioVersion = 10.0.40219.1
Project("{FAE04EC0-301F-11D3-BF4B-00C04F79EFBC}") = "DataAccess", "Example1\DataAccess.csproj", "{BEB0F6C1-6C42-4523-9EF7-E203441297C7}"
EndProject
Project("{FAE04EC0-301F-11D3-BF4B-00C04F79EFBC}") = "Review", "ConsoleApp1\Review.csproj", "{C7EBDD12-425D-4400-B1FA-9C8F5C06075C}"
EndProject
Project("{9A19103F-16F7-4668-BE54-9A1E7A4F7556}") = "WPF_FileProcess", "WPF_FileProcess\WPF_FileProcess.csproj", "{A1E76090-5219-41AD-8FE5-D9B0D608DC40}"
EndProject
Project("{9A19103F-16F7-4668-BE54-9A1E7A4F7556}") = "WPF_JSON", "WPF_JSON\WPF_JSON.csproj", "{83F3B84C-B927-4776-BE13-656EF0481F3F}"
EndProject
Project("{FAE04EC0-301F-11D3-BF4B-00C04F79EFBC}") = "MVC_Example", "MVC_Example\MVC_Example.csproj", "{39EABD8A-95C3-4D31-A504-3E8032847CEB}"
EndProject
Project("{F184B08F-C81C-45F6-A57F-5ABD9991F28F}") = "MVC2", "MVC2\MVC2.vbproj", "{B62BA8E9-577D-46FB-A3FC-1A86C6B500DC}"
EndProject
Global
	GlobalSection(SolutionConfigurationPlatforms) = preSolution
		Debug|Any CPU = Debug|Any CPU
		Release|Any CPU = Release|Any CPU
	EndGlobalSection
	GlobalSection(ProjectConfigurationPlatforms) = postSolution
		{BEB0F6C1-6C42-4523-9EF7-E203441297C7}.Debug|Any CPU.ActiveCfg = Debug|Any CPU
		{BEB0F6C1-6C42-4523-9EF7-E203441297C7}.Debug|Any CPU.Build.0 = Debug|Any CPU
		{BEB0F6C1-6C42-4523-9EF7-E203441297C7}.Release|Any CPU.ActiveCfg = Release|Any CPU
		{BEB0F6C1-6C42-4523-9EF7-E203441297C7}.Release|Any CPU.Build.0 = Release|Any CPU
		{C7EBDD12-425D-4400-B1FA-9C8F5C06075C}.Debug|Any CPU.ActiveCfg = Debug|Any CPU
		{C7EBDD12-425D-4400-B1FA-9C8F5C06075C}.Debug|Any CPU.Build.0 = Debug|Any CPU
		{C7EBDD12-425D-4400-B1FA-9C8F5C06075C}.Release|Any CPU.ActiveCfg = Release|Any CPU
		{C7EBDD12-425D-4400-B1FA-9C8F5C06075C}.Release|Any CPU.Build.0 = Release|Any CPU
		{A1E76090-5219-41AD-8FE5-D9B0D608DC40}.Debug|Any CPU.ActiveCfg = Debug|Any CPU
		{A1E76090-5219-41AD-8FE5-D9B0D608DC40}.Debug|Any CPU.Build.0 = Debug|Any CPU
		{A1E76090-5219-41AD-8FE5-D9B0D608DC40}.Release|Any CPU.ActiveCfg = Release|Any CPU
		{A1E76090-5219-41AD-8FE5-D9B0D608DC40}.Release|Any CPU.Build.0 = Release|Any CPU
		{83F3B84C-B927-4776-BE13-656EF0481F3F}.Debug|Any CPU.ActiveCfg = Debug|Any CPU
		{83F3B84C-B927-4776-BE13-656EF0481F3F}.Debug|Any CPU.Build.0 = Debug|Any CPU
		{83F3B84C-B927-4776-BE13-656EF0481F3F}.Release|Any CPU.ActiveCfg = Release|Any CPU
		{83F3B84C-B927-4776-BE13-656EF0481F3F}.Release|Any CPU.Build.0 = Release|Any CPU
		{39EABD8A-95C3-4D31-A504-3E8032847CEB}.Debug|Any CPU.ActiveCfg = Debug|Any CPU
		{39EABD8A-95C3-4D31-A504-3E8032847CEB}.Debug|Any CPU.Build.0 = Debug|Any CPU
		{39EABD8A-95C3-4D31-A504-3E8032847CEB}.Release|Any CPU.ActiveCfg = Release|Any CPU
		{39EABD8A-95C3-4D31-A504-3E8032847CEB}.Release|Any CPU.Build.0 = Release|Any CPU
		{B62BA8E9-577D-46FB-A3FC-1A86C6B500DC}.Debug|Any CPU.ActiveCfg = Debug|Any CPU
		{B62BA8E9-577D-46FB-A3FC-1A86C6B500DC}.Debug|Any CPU.Build.0 = Debug|Any CPU
		{B62BA8E9-577D-46FB-A3FC-1A86C6B500DC}.Release|Any CPU.ActiveCfg = Release|Any CPU
		{B62BA8E9-577D-46FB-A3FC-1A86C6B500DC}.Release|Any CPU.Build.0 = Release|Any CPU
	EndGlobalSection
	GlobalSection(SolutionProperties) = preSolution
		HideSolutionNode = FALSE
	EndGlobalSection
	GlobalSection(ExtensibilityGlobals) = postSolution
		SolutionGuid = {EF2860A9-6F4A-40A5-840A-BD7230574D7C}
	EndGlobalSection
EndGlobal
