
Microsoft Visual Studio Solution File, Format Version 12.00
# Visual Studio 15
VisualStudioVersion = 15.0.28010.2050
MinimumVisualStudioVersion = 10.0.40219.1
Project("{FAE04EC0-301F-11D3-BF4B-00C04F79EFBC}") = "Participations", "Participations\Participations.csproj", "{03A7ADEF-A4CC-4E17-9F13-C9521D4CBB1B}"
EndProject
Global
	GlobalSection(SolutionConfigurationPlatforms) = preSolution
		Debug|Any CPU = Debug|Any CPU
		Release|Any CPU = Release|Any CPU
	EndGlobalSection
	GlobalSection(ProjectConfigurationPlatforms) = postSolution
		{03A7ADEF-A4CC-4E17-9F13-C9521D4CBB1B}.Debug|Any CPU.ActiveCfg = Debug|Any CPU
		{03A7ADEF-A4CC-4E17-9F13-C9521D4CBB1B}.Debug|Any CPU.Build.0 = Debug|Any CPU
		{03A7ADEF-A4CC-4E17-9F13-C9521D4CBB1B}.Release|Any CPU.ActiveCfg = Release|Any CPU
		{03A7ADEF-A4CC-4E17-9F13-C9521D4CBB1B}.Release|Any CPU.Build.0 = Release|Any CPU
	EndGlobalSection
	GlobalSection(SolutionProperties) = preSolution
		HideSolutionNode = FALSE
	EndGlobalSection
	GlobalSection(ExtensibilityGlobals) = postSolution
		SolutionGuid = {750AD3CF-B007-4B9E-AD57-49316DEF2BD6}
	EndGlobalSection
EndGlobal
