
Microsoft Visual Studio Solution File, Format Version 12.00
# Visual Studio Version 16
VisualStudioVersion = 16.0.29709.97
MinimumVisualStudioVersion = 10.0.40219.1
Project("{9A19103F-16F7-4668-BE54-9A1E7A4F7556}") = "JSONExample", "JSONExample\JSONExample.csproj", "{A110607D-3517-4DCD-8367-182C87B76AB8}"
EndProject
Project("{FAE04EC0-301F-11D3-BF4B-00C04F79EFBC}") = "EmployeeFile", "EmployeeFile\EmployeeFile.csproj", "{B73ECD2D-3D0A-45B8-A470-0CC94FE8B527}"
EndProject
Global
	GlobalSection(SolutionConfigurationPlatforms) = preSolution
		Debug|Any CPU = Debug|Any CPU
		Release|Any CPU = Release|Any CPU
	EndGlobalSection
	GlobalSection(ProjectConfigurationPlatforms) = postSolution
		{A110607D-3517-4DCD-8367-182C87B76AB8}.Debug|Any CPU.ActiveCfg = Debug|Any CPU
		{A110607D-3517-4DCD-8367-182C87B76AB8}.Debug|Any CPU.Build.0 = Debug|Any CPU
		{A110607D-3517-4DCD-8367-182C87B76AB8}.Release|Any CPU.ActiveCfg = Release|Any CPU
		{A110607D-3517-4DCD-8367-182C87B76AB8}.Release|Any CPU.Build.0 = Release|Any CPU
		{B73ECD2D-3D0A-45B8-A470-0CC94FE8B527}.Debug|Any CPU.ActiveCfg = Debug|Any CPU
		{B73ECD2D-3D0A-45B8-A470-0CC94FE8B527}.Debug|Any CPU.Build.0 = Debug|Any CPU
		{B73ECD2D-3D0A-45B8-A470-0CC94FE8B527}.Release|Any CPU.ActiveCfg = Release|Any CPU
		{B73ECD2D-3D0A-45B8-A470-0CC94FE8B527}.Release|Any CPU.Build.0 = Release|Any CPU
	EndGlobalSection
	GlobalSection(SolutionProperties) = preSolution
		HideSolutionNode = FALSE
	EndGlobalSection
	GlobalSection(ExtensibilityGlobals) = postSolution
		SolutionGuid = {AE62B371-C144-4FD2-B433-C4D477A6EA44}
	EndGlobalSection
EndGlobal
